{
  "version": 4,
  "terraform_version": "1.4.6",
  "serial": 9,
  "lineage": "b1412785-8dd6-d716-597e-fb080c631c41",
  "outputs": {},
  "resources": [
    {
      "mode": "managed",
      "type": "vercel_deployment",
      "name": "infra_test",
      "provider": "provider[\"registry.terraform.io/vercel/vercel\"]",
      "instances": [
        {
          "schema_version": 0,
          "attributes": {
            "delete_on_destroy": null,
            "domains": [
              "infra-test-project.vercel.app",
              "infra-test-project-michael-wheeler.vercel.app",
              "infra-test-project-git-nonprod-michael-wheeler.vercel.app"
            ],
            "environment": null,
            "files": null,
            "id": "dpl_7WJsD313e8f8fV3So9rEdjKbYTDW",
            "path_prefix": null,
            "production": true,
            "project_id": "prj_FM7A1DYk9nYqhlv9ZBgh0PWdMRkZ",
            "project_settings": null,
            "ref": "nonprod",
            "team_id": null,
            "url": "infra-test-project-avmp82u68-michael-wheeler.vercel.app"
          },
          "sensitive_attributes": [],
          "dependencies": [
            "vercel_project.infra_test"
          ]
        }
      ]
    },
    {
      "mode": "managed",
      "type": "vercel_project",
      "name": "infra_test",
      "provider": "provider[\"registry.terraform.io/vercel/vercel\"]",
      "instances": [
        {
          "schema_version": 0,
          "attributes": {
            "build_command": null,
            "dev_command": null,
            "environment": null,
            "framework": "nextjs",
            "git_repository": {
              "production_branch": "main",
              "repo": "Michael-Wheeler/vercel-infra-test",
              "type": "github"
            },
            "id": "prj_FM7A1DYk9nYqhlv9ZBgh0PWdMRkZ",
            "ignore_command": null,
            "install_command": null,
            "name": "infra-test-project",
            "output_directory": null,
            "password_protection": null,
            "public_source": null,
            "root_directory": null,
            "serverless_function_region": "iad1",
            "team_id": null,
            "vercel_authentication": null
          },
          "sensitive_attributes": []
        }
      ]
    }
  ],
  "check_results": null
}
